
Microsoft Visual Studio Solution File, Format Version 12.00
# Visual Studio Version 16
VisualStudioVersion = 16.0.33801.447
MinimumVisualStudioVersion = 10.0.40219.1
Project("{FAE04EC0-301F-11D3-BF4B-00C04F79EFBC}") = "TestDeployMSBuildApp", "TestDeployMSBuildApp.csproj", "{2F559EC5-7892-4F78-B5AD-CFBD216D0264}"
EndProject
Project("{2150E333-8FDC-42A3-9474-1A3956D46DE8}") = "Solution Items", "Solution Items", "{1B76AABA-B4D7-45EC-95FC-73415D75AF9F}"
	ProjectSection(SolutionItems) = preProject
		.github\workflows\master_msbuildtestdeploy.yml = .github\workflows\master_msbuildtestdeploy.yml
	EndProjectSection
EndProject
Global
	GlobalSection(SolutionConfigurationPlatforms) = preSolution
		Debug|Any CPU = Debug|Any CPU
		Release|Any CPU = Release|Any CPU
	EndGlobalSection
	GlobalSection(ProjectConfigurationPlatforms) = postSolution
		{2F559EC5-7892-4F78-B5AD-CFBD216D0264}.Debug|Any CPU.ActiveCfg = Debug|Any CPU
		{2F559EC5-7892-4F78-B5AD-CFBD216D0264}.Debug|Any CPU.Build.0 = Debug|Any CPU
		{2F559EC5-7892-4F78-B5AD-CFBD216D0264}.Release|Any CPU.ActiveCfg = Release|Any CPU
		{2F559EC5-7892-4F78-B5AD-CFBD216D0264}.Release|Any CPU.Build.0 = Release|Any CPU
	EndGlobalSection
	GlobalSection(SolutionProperties) = preSolution
		HideSolutionNode = FALSE
	EndGlobalSection
	GlobalSection(ExtensibilityGlobals) = postSolution
		SolutionGuid = {AFBAE253-93F1-47F4-8CDE-9E1A52E76C41}
	EndGlobalSection
EndGlobal
